
Microsoft Visual Studio Solution File, Format Version 12.00
# Visual Studio 15
VisualStudioVersion = 15.0.27130.2010
MinimumVisualStudioVersion = 10.0.40219.1
Project("{FAE04EC0-301F-11D3-BF4B-00C04F79EFBC}") = "mcQuick", "mcQuick\mcQuick.csproj", "{6B72522F-165F-4E13-9771-24443623F617}"
EndProject
Global
	GlobalSection(SolutionConfigurationPlatforms) = preSolution
		Debug|Any CPU = Debug|Any CPU
		Release|Any CPU = Release|Any CPU
	EndGlobalSection
	GlobalSection(ProjectConfigurationPlatforms) = postSolution
		{6B72522F-165F-4E13-9771-24443623F617}.Debug|Any CPU.ActiveCfg = Debug|Any CPU
		{6B72522F-165F-4E13-9771-24443623F617}.Debug|Any CPU.Build.0 = Debug|Any CPU
		{6B72522F-165F-4E13-9771-24443623F617}.Release|Any CPU.ActiveCfg = Release|Any CPU
		{6B72522F-165F-4E13-9771-24443623F617}.Release|Any CPU.Build.0 = Release|Any CPU
	EndGlobalSection
	GlobalSection(SolutionProperties) = preSolution
		HideSolutionNode = FALSE
	EndGlobalSection
	GlobalSection(ExtensibilityGlobals) = postSolution
		SolutionGuid = {6E419A56-229B-4253-8DCC-9D2782FB7CD4}
	EndGlobalSection
EndGlobal
