
Microsoft Visual Studio Solution File, Format Version 12.00
# Visual Studio 15
VisualStudioVersion = 15.0.27130.2027
MinimumVisualStudioVersion = 10.0.40219.1
Project("{9092AA53-FB77-4645-B42D-1CCCA6BD08BD}") = "LearnFast", "LearnFast\LearnFast.njsproj", "{F9DB9EEB-881A-4BB9-9AFB-1A56F7006DB6}"
EndProject
Global
	GlobalSection(SolutionConfigurationPlatforms) = preSolution
		Debug|Any CPU = Debug|Any CPU
		Release|Any CPU = Release|Any CPU
	EndGlobalSection
	GlobalSection(ProjectConfigurationPlatforms) = postSolution
		{F9DB9EEB-881A-4BB9-9AFB-1A56F7006DB6}.Debug|Any CPU.ActiveCfg = Debug|Any CPU
		{F9DB9EEB-881A-4BB9-9AFB-1A56F7006DB6}.Debug|Any CPU.Build.0 = Debug|Any CPU
		{F9DB9EEB-881A-4BB9-9AFB-1A56F7006DB6}.Release|Any CPU.ActiveCfg = Release|Any CPU
		{F9DB9EEB-881A-4BB9-9AFB-1A56F7006DB6}.Release|Any CPU.Build.0 = Release|Any CPU
	EndGlobalSection
	GlobalSection(SolutionProperties) = preSolution
		HideSolutionNode = FALSE
	EndGlobalSection
	GlobalSection(ExtensibilityGlobals) = postSolution
		SolutionGuid = {29C7C603-1F42-495A-96C2-31D3A34380A8}
	EndGlobalSection
EndGlobal
