
Microsoft Visual Studio Solution File, Format Version 12.00
# Visual Studio 15
VisualStudioVersion = 15.0.27130.2024
MinimumVisualStudioVersion = 10.0.40219.1
Project("{FAE04EC0-301F-11D3-BF4B-00C04F79EFBC}") = "ConsoleApp1", "ConsoleApp1\ConsoleApp1.csproj", "{4A42E934-1F50-4957-BCB3-E85A7BFA8A62}"
EndProject
Global
	GlobalSection(SolutionConfigurationPlatforms) = preSolution
		Debug|Any CPU = Debug|Any CPU
		Release|Any CPU = Release|Any CPU
	EndGlobalSection
	GlobalSection(ProjectConfigurationPlatforms) = postSolution
		{4A42E934-1F50-4957-BCB3-E85A7BFA8A62}.Debug|Any CPU.ActiveCfg = Debug|Any CPU
		{4A42E934-1F50-4957-BCB3-E85A7BFA8A62}.Debug|Any CPU.Build.0 = Debug|Any CPU
		{4A42E934-1F50-4957-BCB3-E85A7BFA8A62}.Release|Any CPU.ActiveCfg = Release|Any CPU
		{4A42E934-1F50-4957-BCB3-E85A7BFA8A62}.Release|Any CPU.Build.0 = Release|Any CPU
	EndGlobalSection
	GlobalSection(SolutionProperties) = preSolution
		HideSolutionNode = FALSE
	EndGlobalSection
	GlobalSection(ExtensibilityGlobals) = postSolution
		SolutionGuid = {9F837209-DC81-4B6E-B6A7-C01A0000E573}
	EndGlobalSection
EndGlobal
